// !$*UTF8*$!
{
	archiveVersion = 1;
	classes = {
	};
	objectVersion = 46;
	objects = {

/* Begin PBXBuildFile section */
		31FF281D1CAD6BED008051C0 /* DYQuestion.m in Sources */ = {isa = PBXBuildFile; fileRef = 31FF281C1CAD6BED008051C0 /* DYQuestion.m */; };
		31FF281F1CAD72D9008051C0 /* MainFeeling.xib in Resources */ = {isa = PBXBuildFile; fileRef = 31FF281E1CAD72D9008051C0 /* MainFeeling.xib */; };
		31FF28211CAD72EB008051C0 /* CategoryFeeling.xib in Resources */ = {isa = PBXBuildFile; fileRef = 31FF28201CAD72EB008051C0 /* CategoryFeeling.xib */; };
		31FF28231CAD7303008051C0 /* Question.xib in Resources */ = {isa = PBXBuildFile; fileRef = 31FF28221CAD7303008051C0 /* Question.xib */; };
		31FF28251CAD731C008051C0 /* JournalAndPicture.xib in Resources */ = {isa = PBXBuildFile; fileRef = 31FF28241CAD731C008051C0 /* JournalAndPicture.xib */; };
		31FF28281CAD7356008051C0 /* MainFeelingView.m in Sources */ = {isa = PBXBuildFile; fileRef = 31FF28271CAD7356008051C0 /* MainFeelingView.m */; };
		31FF282B1CAD736E008051C0 /* CategoryFeelingView.m in Sources */ = {isa = PBXBuildFile; fileRef = 31FF282A1CAD736E008051C0 /* CategoryFeelingView.m */; };
		31FF282E1CAD7382008051C0 /* QuestionView.m in Sources */ = {isa = PBXBuildFile; fileRef = 31FF282D1CAD7382008051C0 /* QuestionView.m */; };
		31FF28311CAD7398008051C0 /* JournalAndPictureView.m in Sources */ = {isa = PBXBuildFile; fileRef = 31FF28301CAD7398008051C0 /* JournalAndPictureView.m */; };
		AB49939EBAFBADBED3BC9BF4 /* libPods-DidYou.a in Frameworks */ = {isa = PBXBuildFile; fileRef = 563053DD0003F7BE5361FBFA /* libPods-DidYou.a */; };
		AB92E71A1CAB01F200199034 /* main.m in Sources */ = {isa = PBXBuildFile; fileRef = AB92E7191CAB01F200199034 /* main.m */; };
		AB92E71D1CAB01F200199034 /* AppDelegate.m in Sources */ = {isa = PBXBuildFile; fileRef = AB92E71C1CAB01F200199034 /* AppDelegate.m */; };
		AB92E7201CAB01F200199034 /* MainViewController.m in Sources */ = {isa = PBXBuildFile; fileRef = AB92E71F1CAB01F200199034 /* MainViewController.m */; };
		AB92E7231CAB01F200199034 /* Main.storyboard in Resources */ = {isa = PBXBuildFile; fileRef = AB92E7211CAB01F200199034 /* Main.storyboard */; };
		AB92E7251CAB01F200199034 /* Assets.xcassets in Resources */ = {isa = PBXBuildFile; fileRef = AB92E7241CAB01F200199034 /* Assets.xcassets */; };
		AB92E7281CAB01F200199034 /* LaunchScreen.storyboard in Resources */ = {isa = PBXBuildFile; fileRef = AB92E7261CAB01F200199034 /* LaunchScreen.storyboard */; };
		AB92E7571CAB111100199034 /* DYJournalEntry.m in Sources */ = {isa = PBXBuildFile; fileRef = AB92E7561CAB111100199034 /* DYJournalEntry.m */; };
		AB92E75A1CAB112B00199034 /* DYUser.m in Sources */ = {isa = PBXBuildFile; fileRef = AB92E7591CAB112B00199034 /* DYUser.m */; };
		AB92E75D1CAB113700199034 /* DataStore.m in Sources */ = {isa = PBXBuildFile; fileRef = AB92E75C1CAB113700199034 /* DataStore.m */; };
		AB92E75F1CAC48DE00199034 /* AddJournalEntry.xib in Resources */ = {isa = PBXBuildFile; fileRef = AB92E75E1CAC48DE00199034 /* AddJournalEntry.xib */; };
		AB92E7621CAC495F00199034 /* AddJournalEntryView.m in Sources */ = {isa = PBXBuildFile; fileRef = AB92E7611CAC495F00199034 /* AddJournalEntryView.m */; };
		AB92E76C1CAC696400199034 /* SettingsTableViewController.m in Sources */ = {isa = PBXBuildFile; fileRef = AB92E76B1CAC696400199034 /* SettingsTableViewController.m */; };
		AB92E76F1CAC697B00199034 /* StatsViewController.m in Sources */ = {isa = PBXBuildFile; fileRef = AB92E76E1CAC697B00199034 /* StatsViewController.m */; };
		AB92E7951CAD9CB400199034 /* NewJournalEntryBlurView.m in Sources */ = {isa = PBXBuildFile; fileRef = AB92E7941CAD9CB400199034 /* NewJournalEntryBlurView.m */; };
		AB92E7971CADBC2F00199034 /* IndividualFeeling.xib in Resources */ = {isa = PBXBuildFile; fileRef = AB92E7961CADBC2F00199034 /* IndividualFeeling.xib */; };
		AB92E79A1CADBD2800199034 /* IndividualFeelingView.m in Sources */ = {isa = PBXBuildFile; fileRef = AB92E7991CADBD2800199034 /* IndividualFeelingView.m */; };
		AB92E7D21CB2E41900199034 /* CategoryFeelingDetail.xib in Resources */ = {isa = PBXBuildFile; fileRef = AB92E7D11CB2E41900199034 /* CategoryFeelingDetail.xib */; };
		AB92E7D41CB400B600199034 /* JournalEntryTableViewCell.xib in Resources */ = {isa = PBXBuildFile; fileRef = AB92E7D31CB400B600199034 /* JournalEntryTableViewCell.xib */; };
		AB92E7D71CB4063A00199034 /* JournalEntryTableViewCellView.m in Sources */ = {isa = PBXBuildFile; fileRef = AB92E7D61CB4063A00199034 /* JournalEntryTableViewCellView.m */; };
		AB92E7DA1CB40C6400199034 /* JournalEntryTableViewCell.m in Sources */ = {isa = PBXBuildFile; fileRef = AB92E7D91CB40C6400199034 /* JournalEntryTableViewCell.m */; };
		CD4CCAC51CB6EA0C00805B1F /* Stats.xib in Resources */ = {isa = PBXBuildFile; fileRef = CD4CCAC41CB6EA0C00805B1F /* Stats.xib */; };
		CDA19A171CB58A28001E1872 /* MoodCircleButton.m in Sources */ = {isa = PBXBuildFile; fileRef = CDA19A161CB58A28001E1872 /* MoodCircleButton.m */; };
/* End PBXBuildFile section */

/* Begin PBXFileReference section */
		31FF281B1CAD6BED008051C0 /* DYQuestion.h */ = {isa = PBXFileReference; fileEncoding = 4; lastKnownFileType = sourcecode.c.h; path = DYQuestion.h; sourceTree = "<group>"; };
		31FF281C1CAD6BED008051C0 /* DYQuestion.m */ = {isa = PBXFileReference; fileEncoding = 4; lastKnownFileType = sourcecode.c.objc; path = DYQuestion.m; sourceTree = "<group>"; };
		31FF281E1CAD72D9008051C0 /* MainFeeling.xib */ = {isa = PBXFileReference; fileEncoding = 4; lastKnownFileType = file.xib; path = MainFeeling.xib; sourceTree = "<group>"; };
		31FF28201CAD72EB008051C0 /* CategoryFeeling.xib */ = {isa = PBXFileReference; fileEncoding = 4; lastKnownFileType = file.xib; path = CategoryFeeling.xib; sourceTree = "<group>"; };
		31FF28221CAD7303008051C0 /* Question.xib */ = {isa = PBXFileReference; fileEncoding = 4; lastKnownFileType = file.xib; path = Question.xib; sourceTree = "<group>"; };
		31FF28241CAD731C008051C0 /* JournalAndPicture.xib */ = {isa = PBXFileReference; fileEncoding = 4; lastKnownFileType = file.xib; path = JournalAndPicture.xib; sourceTree = "<group>"; };
		31FF28261CAD7356008051C0 /* MainFeelingView.h */ = {isa = PBXFileReference; fileEncoding = 4; lastKnownFileType = sourcecode.c.h; path = MainFeelingView.h; sourceTree = "<group>"; };
		31FF28271CAD7356008051C0 /* MainFeelingView.m */ = {isa = PBXFileReference; fileEncoding = 4; lastKnownFileType = sourcecode.c.objc; path = MainFeelingView.m; sourceTree = "<group>"; };
		31FF28291CAD736E008051C0 /* CategoryFeelingView.h */ = {isa = PBXFileReference; fileEncoding = 4; lastKnownFileType = sourcecode.c.h; path = CategoryFeelingView.h; sourceTree = "<group>"; };
		31FF282A1CAD736E008051C0 /* CategoryFeelingView.m */ = {isa = PBXFileReference; fileEncoding = 4; lastKnownFileType = sourcecode.c.objc; path = CategoryFeelingView.m; sourceTree = "<group>"; };
		31FF282C1CAD7382008051C0 /* QuestionView.h */ = {isa = PBXFileReference; fileEncoding = 4; lastKnownFileType = sourcecode.c.h; path = QuestionView.h; sourceTree = "<group>"; };
		31FF282D1CAD7382008051C0 /* QuestionView.m */ = {isa = PBXFileReference; fileEncoding = 4; lastKnownFileType = sourcecode.c.objc; path = QuestionView.m; sourceTree = "<group>"; };
		31FF282F1CAD7398008051C0 /* JournalAndPictureView.h */ = {isa = PBXFileReference; fileEncoding = 4; lastKnownFileType = sourcecode.c.h; path = JournalAndPictureView.h; sourceTree = "<group>"; };
		31FF28301CAD7398008051C0 /* JournalAndPictureView.m */ = {isa = PBXFileReference; fileEncoding = 4; lastKnownFileType = sourcecode.c.objc; path = JournalAndPictureView.m; sourceTree = "<group>"; };
		563053DD0003F7BE5361FBFA /* libPods-DidYou.a */ = {isa = PBXFileReference; explicitFileType = archive.ar; includeInIndex = 0; path = "libPods-DidYou.a"; sourceTree = BUILT_PRODUCTS_DIR; };
		A6F0F00FFE68D8283CB2E5C1 /* Pods-DidYou.debug.xcconfig */ = {isa = PBXFileReference; includeInIndex = 1; lastKnownFileType = text.xcconfig; name = "Pods-DidYou.debug.xcconfig"; path = "Pods/Target Support Files/Pods-DidYou/Pods-DidYou.debug.xcconfig"; sourceTree = "<group>"; };
		AB92E7151CAB01F200199034 /* DidYou.app */ = {isa = PBXFileReference; explicitFileType = wrapper.application; includeInIndex = 0; path = DidYou.app; sourceTree = BUILT_PRODUCTS_DIR; };
		AB92E7191CAB01F200199034 /* main.m */ = {isa = PBXFileReference; lastKnownFileType = sourcecode.c.objc; path = main.m; sourceTree = "<group>"; };
		AB92E71B1CAB01F200199034 /* AppDelegate.h */ = {isa = PBXFileReference; lastKnownFileType = sourcecode.c.h; path = AppDelegate.h; sourceTree = "<group>"; };
		AB92E71C1CAB01F200199034 /* AppDelegate.m */ = {isa = PBXFileReference; lastKnownFileType = sourcecode.c.objc; path = AppDelegate.m; sourceTree = "<group>"; };
		AB92E71E1CAB01F200199034 /* MainViewController.h */ = {isa = PBXFileReference; lastKnownFileType = sourcecode.c.h; path = MainViewController.h; sourceTree = "<group>"; };
		AB92E71F1CAB01F200199034 /* MainViewController.m */ = {isa = PBXFileReference; lastKnownFileType = sourcecode.c.objc; path = MainViewController.m; sourceTree = "<group>"; };
		AB92E7221CAB01F200199034 /* Base */ = {isa = PBXFileReference; lastKnownFileType = file.storyboard; name = Base; path = Base.lproj/Main.storyboard; sourceTree = "<group>"; };
		AB92E7241CAB01F200199034 /* Assets.xcassets */ = {isa = PBXFileReference; lastKnownFileType = folder.assetcatalog; path = Assets.xcassets; sourceTree = "<group>"; };
		AB92E7271CAB01F200199034 /* Base */ = {isa = PBXFileReference; lastKnownFileType = file.storyboard; name = Base; path = Base.lproj/LaunchScreen.storyboard; sourceTree = "<group>"; };
		AB92E7291CAB01F200199034 /* Info.plist */ = {isa = PBXFileReference; lastKnownFileType = text.plist.xml; path = Info.plist; sourceTree = "<group>"; };
		AB92E7551CAB111100199034 /* DYJournalEntry.h */ = {isa = PBXFileReference; fileEncoding = 4; lastKnownFileType = sourcecode.c.h; path = DYJournalEntry.h; sourceTree = "<group>"; };
		AB92E7561CAB111100199034 /* DYJournalEntry.m */ = {isa = PBXFileReference; fileEncoding = 4; lastKnownFileType = sourcecode.c.objc; path = DYJournalEntry.m; sourceTree = "<group>"; };
		AB92E7581CAB112B00199034 /* DYUser.h */ = {isa = PBXFileReference; fileEncoding = 4; lastKnownFileType = sourcecode.c.h; path = DYUser.h; sourceTree = "<group>"; };
		AB92E7591CAB112B00199034 /* DYUser.m */ = {isa = PBXFileReference; fileEncoding = 4; lastKnownFileType = sourcecode.c.objc; path = DYUser.m; sourceTree = "<group>"; };
		AB92E75B1CAB113700199034 /* DataStore.h */ = {isa = PBXFileReference; fileEncoding = 4; lastKnownFileType = sourcecode.c.h; path = DataStore.h; sourceTree = "<group>"; };
		AB92E75C1CAB113700199034 /* DataStore.m */ = {isa = PBXFileReference; fileEncoding = 4; lastKnownFileType = sourcecode.c.objc; path = DataStore.m; sourceTree = "<group>"; };
		AB92E75E1CAC48DE00199034 /* AddJournalEntry.xib */ = {isa = PBXFileReference; fileEncoding = 4; lastKnownFileType = file.xib; path = AddJournalEntry.xib; sourceTree = "<group>"; };
		AB92E7601CAC495F00199034 /* AddJournalEntryView.h */ = {isa = PBXFileReference; fileEncoding = 4; lastKnownFileType = sourcecode.c.h; path = AddJournalEntryView.h; sourceTree = "<group>"; };
		AB92E7611CAC495F00199034 /* AddJournalEntryView.m */ = {isa = PBXFileReference; fileEncoding = 4; lastKnownFileType = sourcecode.c.objc; path = AddJournalEntryView.m; sourceTree = "<group>"; };
		AB92E76A1CAC696400199034 /* SettingsTableViewController.h */ = {isa = PBXFileReference; fileEncoding = 4; lastKnownFileType = sourcecode.c.h; path = SettingsTableViewController.h; sourceTree = "<group>"; };
		AB92E76B1CAC696400199034 /* SettingsTableViewController.m */ = {isa = PBXFileReference; fileEncoding = 4; lastKnownFileType = sourcecode.c.objc; path = SettingsTableViewController.m; sourceTree = "<group>"; };
		AB92E76D1CAC697B00199034 /* StatsViewController.h */ = {isa = PBXFileReference; fileEncoding = 4; lastKnownFileType = sourcecode.c.h; path = StatsViewController.h; sourceTree = "<group>"; };
		AB92E76E1CAC697B00199034 /* StatsViewController.m */ = {isa = PBXFileReference; fileEncoding = 4; lastKnownFileType = sourcecode.c.objc; path = StatsViewController.m; sourceTree = "<group>"; };
		AB92E7931CAD9CB400199034 /* NewJournalEntryBlurView.h */ = {isa = PBXFileReference; fileEncoding = 4; lastKnownFileType = sourcecode.c.h; path = NewJournalEntryBlurView.h; sourceTree = "<group>"; };
		AB92E7941CAD9CB400199034 /* NewJournalEntryBlurView.m */ = {isa = PBXFileReference; fileEncoding = 4; lastKnownFileType = sourcecode.c.objc; path = NewJournalEntryBlurView.m; sourceTree = "<group>"; };
		AB92E7961CADBC2F00199034 /* IndividualFeeling.xib */ = {isa = PBXFileReference; fileEncoding = 4; lastKnownFileType = file.xib; path = IndividualFeeling.xib; sourceTree = "<group>"; };
		AB92E7981CADBD2800199034 /* IndividualFeelingView.h */ = {isa = PBXFileReference; fileEncoding = 4; lastKnownFileType = sourcecode.c.h; path = IndividualFeelingView.h; sourceTree = "<group>"; };
		AB92E7991CADBD2800199034 /* IndividualFeelingView.m */ = {isa = PBXFileReference; fileEncoding = 4; lastKnownFileType = sourcecode.c.objc; path = IndividualFeelingView.m; sourceTree = "<group>"; };
		AB92E7D11CB2E41900199034 /* CategoryFeelingDetail.xib */ = {isa = PBXFileReference; fileEncoding = 4; lastKnownFileType = file.xib; path = CategoryFeelingDetail.xib; sourceTree = "<group>"; };
		AB92E7D31CB400B600199034 /* JournalEntryTableViewCell.xib */ = {isa = PBXFileReference; fileEncoding = 4; lastKnownFileType = file.xib; path = JournalEntryTableViewCell.xib; sourceTree = "<group>"; };
		AB92E7D51CB4063A00199034 /* JournalEntryTableViewCellView.h */ = {isa = PBXFileReference; fileEncoding = 4; lastKnownFileType = sourcecode.c.h; path = JournalEntryTableViewCellView.h; sourceTree = "<group>"; };
		AB92E7D61CB4063A00199034 /* JournalEntryTableViewCellView.m */ = {isa = PBXFileReference; fileEncoding = 4; lastKnownFileType = sourcecode.c.objc; path = JournalEntryTableViewCellView.m; sourceTree = "<group>"; };
		AB92E7D81CB40C6400199034 /* JournalEntryTableViewCell.h */ = {isa = PBXFileReference; fileEncoding = 4; lastKnownFileType = sourcecode.c.h; path = JournalEntryTableViewCell.h; sourceTree = "<group>"; };
		AB92E7D91CB40C6400199034 /* JournalEntryTableViewCell.m */ = {isa = PBXFileReference; fileEncoding = 4; lastKnownFileType = sourcecode.c.objc; path = JournalEntryTableViewCell.m; sourceTree = "<group>"; };
		CD4CCAC41CB6EA0C00805B1F /* Stats.xib */ = {isa = PBXFileReference; fileEncoding = 4; lastKnownFileType = file.xib; path = Stats.xib; sourceTree = "<group>"; };
		CDA19A151CB58A28001E1872 /* MoodCircleButton.h */ = {isa = PBXFileReference; fileEncoding = 4; lastKnownFileType = sourcecode.c.h; path = MoodCircleButton.h; sourceTree = "<group>"; };
		CDA19A161CB58A28001E1872 /* MoodCircleButton.m */ = {isa = PBXFileReference; fileEncoding = 4; lastKnownFileType = sourcecode.c.objc; path = MoodCircleButton.m; sourceTree = "<group>"; };
		DC83E05E9AD37E69EF195C64 /* Pods-DidYou.release.xcconfig */ = {isa = PBXFileReference; includeInIndex = 1; lastKnownFileType = text.xcconfig; name = "Pods-DidYou.release.xcconfig"; path = "Pods/Target Support Files/Pods-DidYou/Pods-DidYou.release.xcconfig"; sourceTree = "<group>"; };
/* End PBXFileReference section */

/* Begin PBXFrameworksBuildPhase section */
		AB92E7121CAB01F200199034 /* Frameworks */ = {
			isa = PBXFrameworksBuildPhase;
			buildActionMask = 2147483647;
			files = (
				AB49939EBAFBADBED3BC9BF4 /* libPods-DidYou.a in Frameworks */,
			);
			runOnlyForDeploymentPostprocessing = 0;
		};
/* End PBXFrameworksBuildPhase section */

/* Begin PBXGroup section */
		8ABA9F5621704F6F3234271E /* Frameworks */ = {
			isa = PBXGroup;
			children = (
				563053DD0003F7BE5361FBFA /* libPods-DidYou.a */,
			);
			name = Frameworks;
			sourceTree = "<group>";
		};
		AB92E70C1CAB01F100199034 = {
			isa = PBXGroup;
			children = (
				AB92E7171CAB01F200199034 /* DidYou */,
				AB92E7161CAB01F200199034 /* Products */,
				AC5D7FBAD61942704785C99E /* Pods */,
				8ABA9F5621704F6F3234271E /* Frameworks */,
			);
			sourceTree = "<group>";
		};
		AB92E7161CAB01F200199034 /* Products */ = {
			isa = PBXGroup;
			children = (
				AB92E7151CAB01F200199034 /* DidYou.app */,
			);
			name = Products;
			sourceTree = "<group>";
		};
		AB92E7171CAB01F200199034 /* DidYou */ = {
			isa = PBXGroup;
			children = (
				31FF281B1CAD6BED008051C0 /* DYQuestion.h */,
				31FF281C1CAD6BED008051C0 /* DYQuestion.m */,
				AB92E71B1CAB01F200199034 /* AppDelegate.h */,
				AB92E71C1CAB01F200199034 /* AppDelegate.m */,
				AB92E7211CAB01F200199034 /* Main.storyboard */,
				AB92E7551CAB111100199034 /* DYJournalEntry.h */,
				AB92E7561CAB111100199034 /* DYJournalEntry.m */,
				AB92E7581CAB112B00199034 /* DYUser.h */,
				AB92E7591CAB112B00199034 /* DYUser.m */,
				CDA19A151CB58A28001E1872 /* MoodCircleButton.h */,
				CDA19A161CB58A28001E1872 /* MoodCircleButton.m */,
				AB92E7651CAC525B00199034 /* View Controllers */,
				AB92E7631CAC522A00199034 /* Xibs */,
				AB92E7641CAC524300199034 /* Xib Views */,
				AB92E7691CAC528600199034 /* Singleton Data Store */,
				AB92E7241CAB01F200199034 /* Assets.xcassets */,
				AB92E7261CAB01F200199034 /* LaunchScreen.storyboard */,
				AB92E7291CAB01F200199034 /* Info.plist */,
				AB92E7181CAB01F200199034 /* Supporting Files */,
			);
			path = DidYou;
			sourceTree = "<group>";
		};
		AB92E7181CAB01F200199034 /* Supporting Files */ = {
			isa = PBXGroup;
			children = (
				AB92E7191CAB01F200199034 /* main.m */,
			);
			name = "Supporting Files";
			sourceTree = "<group>";
		};
		AB92E7631CAC522A00199034 /* Xibs */ = {
			isa = PBXGroup;
			children = (
				CD4CCAC41CB6EA0C00805B1F /* Stats.xib */,
				AB92E75E1CAC48DE00199034 /* AddJournalEntry.xib */,
				31FF281E1CAD72D9008051C0 /* MainFeeling.xib */,
				31FF28201CAD72EB008051C0 /* CategoryFeeling.xib */,
				AB92E7D11CB2E41900199034 /* CategoryFeelingDetail.xib */,
				AB92E7961CADBC2F00199034 /* IndividualFeeling.xib */,
				AB92E7D31CB400B600199034 /* JournalEntryTableViewCell.xib */,
				31FF28221CAD7303008051C0 /* Question.xib */,
				31FF28241CAD731C008051C0 /* JournalAndPicture.xib */,
			);
			name = Xibs;
			sourceTree = "<group>";
		};
		AB92E7641CAC524300199034 /* Xib Views */ = {
			isa = PBXGroup;
			children = (
				AB92E7931CAD9CB400199034 /* NewJournalEntryBlurView.h */,
				AB92E7941CAD9CB400199034 /* NewJournalEntryBlurView.m */,
				31FF28261CAD7356008051C0 /* MainFeelingView.h */,
				31FF28271CAD7356008051C0 /* MainFeelingView.m */,
				AB92E7601CAC495F00199034 /* AddJournalEntryView.h */,
				AB92E7611CAC495F00199034 /* AddJournalEntryView.m */,
				31FF28291CAD736E008051C0 /* CategoryFeelingView.h */,
				AB92E7D51CB4063A00199034 /* JournalEntryTableViewCellView.h */,
				AB92E7D61CB4063A00199034 /* JournalEntryTableViewCellView.m */,
				31FF282A1CAD736E008051C0 /* CategoryFeelingView.m */,
				AB92E7981CADBD2800199034 /* IndividualFeelingView.h */,
				AB92E7991CADBD2800199034 /* IndividualFeelingView.m */,
				31FF282C1CAD7382008051C0 /* QuestionView.h */,
				31FF282D1CAD7382008051C0 /* QuestionView.m */,
				31FF282F1CAD7398008051C0 /* JournalAndPictureView.h */,
				31FF28301CAD7398008051C0 /* JournalAndPictureView.m */,
			);
			name = "Xib Views";
			sourceTree = "<group>";
		};
		AB92E7651CAC525B00199034 /* View Controllers */ = {
			isa = PBXGroup;
			children = (
				AB92E71E1CAB01F200199034 /* MainViewController.h */,
				AB92E71F1CAB01F200199034 /* MainViewController.m */,
				AB92E76A1CAC696400199034 /* SettingsTableViewController.h */,
				AB92E76B1CAC696400199034 /* SettingsTableViewController.m */,
				AB92E76D1CAC697B00199034 /* StatsViewController.h */,
				AB92E76E1CAC697B00199034 /* StatsViewController.m */,
				AB92E7D81CB40C6400199034 /* JournalEntryTableViewCell.h */,
				AB92E7D91CB40C6400199034 /* JournalEntryTableViewCell.m */,
			);
			name = "View Controllers";
			sourceTree = "<group>";
		};
		AB92E7691CAC528600199034 /* Singleton Data Store */ = {
			isa = PBXGroup;
			children = (
				AB92E75C1CAB113700199034 /* DataStore.m */,
				AB92E75B1CAB113700199034 /* DataStore.h */,
			);
			name = "Singleton Data Store";
			sourceTree = "<group>";
		};
		AC5D7FBAD61942704785C99E /* Pods */ = {
			isa = PBXGroup;
			children = (
				A6F0F00FFE68D8283CB2E5C1 /* Pods-DidYou.debug.xcconfig */,
				DC83E05E9AD37E69EF195C64 /* Pods-DidYou.release.xcconfig */,
			);
			name = Pods;
			sourceTree = "<group>";
		};
/* End PBXGroup section */

/* Begin PBXNativeTarget section */
		AB92E7141CAB01F200199034 /* DidYou */ = {
			isa = PBXNativeTarget;
			buildConfigurationList = AB92E72C1CAB01F200199034 /* Build configuration list for PBXNativeTarget "DidYou" */;
			buildPhases = (
				E3936165C7BBD6B4C36A3E92 /* Check Pods Manifest.lock */,
				AB92E7111CAB01F200199034 /* Sources */,
				AB92E7121CAB01F200199034 /* Frameworks */,
				AB92E7131CAB01F200199034 /* Resources */,
				7895EC894EC648A52600FFC6 /* Embed Pods Frameworks */,
				891BA6B211752FC94D9ABF01 /* Copy Pods Resources */,
			);
			buildRules = (
			);
			dependencies = (
			);
			name = DidYou;
			productName = DidYou;
			productReference = AB92E7151CAB01F200199034 /* DidYou.app */;
			productType = "com.apple.product-type.application";
		};
/* End PBXNativeTarget section */

/* Begin PBXProject section */
		AB92E70D1CAB01F100199034 /* Project object */ = {
			isa = PBXProject;
			attributes = {
				LastUpgradeCheck = 0720;
				ORGANIZATIONNAME = "Did You Nooglers";
				TargetAttributes = {
					AB92E7141CAB01F200199034 = {
						CreatedOnToolsVersion = 7.2.1;
					};
				};
			};
			buildConfigurationList = AB92E7101CAB01F100199034 /* Build configuration list for PBXProject "DidYou" */;
			compatibilityVersion = "Xcode 3.2";
			developmentRegion = English;
			hasScannedForEncodings = 0;
			knownRegions = (
				en,
				Base,
			);
			mainGroup = AB92E70C1CAB01F100199034;
			productRefGroup = AB92E7161CAB01F200199034 /* Products */;
			projectDirPath = "";
			projectRoot = "";
			targets = (
				AB92E7141CAB01F200199034 /* DidYou */,
			);
		};
/* End PBXProject section */

/* Begin PBXResourcesBuildPhase section */
		AB92E7131CAB01F200199034 /* Resources */ = {
			isa = PBXResourcesBuildPhase;
			buildActionMask = 2147483647;
			files = (
				31FF28251CAD731C008051C0 /* JournalAndPicture.xib in Resources */,
				31FF28231CAD7303008051C0 /* Question.xib in Resources */,
				AB92E7971CADBC2F00199034 /* IndividualFeeling.xib in Resources */,
				AB92E7281CAB01F200199034 /* LaunchScreen.storyboard in Resources */,
				AB92E7251CAB01F200199034 /* Assets.xcassets in Resources */,
				CD4CCAC51CB6EA0C00805B1F /* Stats.xib in Resources */,
				AB92E7D21CB2E41900199034 /* CategoryFeelingDetail.xib in Resources */,
				31FF28211CAD72EB008051C0 /* CategoryFeeling.xib in Resources */,
				AB92E75F1CAC48DE00199034 /* AddJournalEntry.xib in Resources */,
				31FF281F1CAD72D9008051C0 /* MainFeeling.xib in Resources */,
				AB92E7D41CB400B600199034 /* JournalEntryTableViewCell.xib in Resources */,
				AB92E7231CAB01F200199034 /* Main.storyboard in Resources */,
			);
			runOnlyForDeploymentPostprocessing = 0;
		};
/* End PBXResourcesBuildPhase section */

/* Begin PBXShellScriptBuildPhase section */
		7895EC894EC648A52600FFC6 /* Embed Pods Frameworks */ = {
			isa = PBXShellScriptBuildPhase;
			buildActionMask = 2147483647;
			files = (
			);
			inputPaths = (
			);
			name = "Embed Pods Frameworks";
			outputPaths = (
			);
			runOnlyForDeploymentPostprocessing = 0;
			shellPath = /bin/sh;
			shellScript = "\"${SRCROOT}/Pods/Target Support Files/Pods-DidYou/Pods-DidYou-frameworks.sh\"\n";
			showEnvVarsInLog = 0;
		};
		891BA6B211752FC94D9ABF01 /* Copy Pods Resources */ = {
			isa = PBXShellScriptBuildPhase;
			buildActionMask = 2147483647;
			files = (
			);
			inputPaths = (
			);
			name = "Copy Pods Resources";
			outputPaths = (
			);
			runOnlyForDeploymentPostprocessing = 0;
			shellPath = /bin/sh;
			shellScript = "\"${SRCROOT}/Pods/Target Support Files/Pods-DidYou/Pods-DidYou-resources.sh\"\n";
			showEnvVarsInLog = 0;
		};
		E3936165C7BBD6B4C36A3E92 /* Check Pods Manifest.lock */ = {
			isa = PBXShellScriptBuildPhase;
			buildActionMask = 2147483647;
			files = (
			);
			inputPaths = (
			);
			name = "Check Pods Manifest.lock";
			outputPaths = (
			);
			runOnlyForDeploymentPostprocessing = 0;
			shellPath = /bin/sh;
			shellScript = "diff \"${PODS_ROOT}/../Podfile.lock\" \"${PODS_ROOT}/Manifest.lock\" > /dev/null\nif [[ $? != 0 ]] ; then\n    cat << EOM\nerror: The sandbox is not in sync with the Podfile.lock. Run 'pod install' or update your CocoaPods installation.\nEOM\n    exit 1\nfi\n";
			showEnvVarsInLog = 0;
		};
/* End PBXShellScriptBuildPhase section */

/* Begin PBXSourcesBuildPhase section */
		AB92E7111CAB01F200199034 /* Sources */ = {
			isa = PBXSourcesBuildPhase;
			buildActionMask = 2147483647;
			files = (
				31FF282E1CAD7382008051C0 /* QuestionView.m in Sources */,
				AB92E75D1CAB113700199034 /* DataStore.m in Sources */,
				AB92E7621CAC495F00199034 /* AddJournalEntryView.m in Sources */,
				CDA19A171CB58A28001E1872 /* MoodCircleButton.m in Sources */,
				AB92E7D71CB4063A00199034 /* JournalEntryTableViewCellView.m in Sources */,
				AB92E7951CAD9CB400199034 /* NewJournalEntryBlurView.m in Sources */,
				31FF28311CAD7398008051C0 /* JournalAndPictureView.m in Sources */,
				31FF282B1CAD736E008051C0 /* CategoryFeelingView.m in Sources */,
				AB92E7DA1CB40C6400199034 /* JournalEntryTableViewCell.m in Sources */,
				AB92E7571CAB111100199034 /* DYJournalEntry.m in Sources */,
				AB92E79A1CADBD2800199034 /* IndividualFeelingView.m in Sources */,
				31FF281D1CAD6BED008051C0 /* DYQuestion.m in Sources */,
				AB92E76C1CAC696400199034 /* SettingsTableViewController.m in Sources */,
				AB92E75A1CAB112B00199034 /* DYUser.m in Sources */,
				31FF28281CAD7356008051C0 /* MainFeelingView.m in Sources */,
				AB92E7201CAB01F200199034 /* MainViewController.m in Sources */,
				AB92E76F1CAC697B00199034 /* StatsViewController.m in Sources */,
				AB92E71D1CAB01F200199034 /* AppDelegate.m in Sources */,
				AB92E71A1CAB01F200199034 /* main.m in Sources */,
			);
			runOnlyForDeploymentPostprocessing = 0;
		};
/* End PBXSourcesBuildPhase section */

/* Begin PBXVariantGroup section */
		AB92E7211CAB01F200199034 /* Main.storyboard */ = {
			isa = PBXVariantGroup;
			children = (
				AB92E7221CAB01F200199034 /* Base */,
			);
			name = Main.storyboard;
			sourceTree = "<group>";
		};
		AB92E7261CAB01F200199034 /* LaunchScreen.storyboard */ = {
			isa = PBXVariantGroup;
			children = (
				AB92E7271CAB01F200199034 /* Base */,
			);
			name = LaunchScreen.storyboard;
			sourceTree = "<group>";
		};
/* End PBXVariantGroup section */

/* Begin XCBuildConfiguration section */
		AB92E72A1CAB01F200199034 /* Debug */ = {
			isa = XCBuildConfiguration;
			buildSettings = {
				ALWAYS_SEARCH_USER_PATHS = NO;
				CLANG_CXX_LANGUAGE_STANDARD = "gnu++0x";
				CLANG_CXX_LIBRARY = "libc++";
				CLANG_ENABLE_MODULES = YES;
				CLANG_ENABLE_OBJC_ARC = YES;
				CLANG_WARN_BOOL_CONVERSION = YES;
				CLANG_WARN_CONSTANT_CONVERSION = YES;
				CLANG_WARN_DIRECT_OBJC_ISA_USAGE = YES_ERROR;
				CLANG_WARN_EMPTY_BODY = YES;
				CLANG_WARN_ENUM_CONVERSION = YES;
				CLANG_WARN_INT_CONVERSION = YES;
				CLANG_WARN_OBJC_ROOT_CLASS = YES_ERROR;
				CLANG_WARN_UNREACHABLE_CODE = YES;
				CLANG_WARN__DUPLICATE_METHOD_MATCH = YES;
				"CODE_SIGN_IDENTITY[sdk=iphoneos*]" = "iPhone Developer";
				COPY_PHASE_STRIP = NO;
				DEBUG_INFORMATION_FORMAT = dwarf;
				ENABLE_STRICT_OBJC_MSGSEND = YES;
				ENABLE_TESTABILITY = YES;
				GCC_C_LANGUAGE_STANDARD = gnu99;
				GCC_DYNAMIC_NO_PIC = NO;
				GCC_NO_COMMON_BLOCKS = YES;
				GCC_OPTIMIZATION_LEVEL = 0;
				GCC_PREPROCESSOR_DEFINITIONS = (
					"DEBUG=1",
					"$(inherited)",
				);
				GCC_WARN_64_TO_32_BIT_CONVERSION = YES;
				GCC_WARN_ABOUT_RETURN_TYPE = YES_ERROR;
				GCC_WARN_UNDECLARED_SELECTOR = YES;
				GCC_WARN_UNINITIALIZED_AUTOS = YES_AGGRESSIVE;
				GCC_WARN_UNUSED_FUNCTION = YES;
				GCC_WARN_UNUSED_VARIABLE = YES;
				IPHONEOS_DEPLOYMENT_TARGET = 9.2;
				MTL_ENABLE_DEBUG_INFO = YES;
				ONLY_ACTIVE_ARCH = YES;
				SDKROOT = iphoneos;
			};
			name = Debug;
		};
		AB92E72B1CAB01F200199034 /* Release */ = {
			isa = XCBuildConfiguration;
			buildSettings = {
				ALWAYS_SEARCH_USER_PATHS = NO;
				CLANG_CXX_LANGUAGE_STANDARD = "gnu++0x";
				CLANG_CXX_LIBRARY = "libc++";
				CLANG_ENABLE_MODULES = YES;
				CLANG_ENABLE_OBJC_ARC = YES;
				CLANG_WARN_BOOL_CONVERSION = YES;
				CLANG_WARN_CONSTANT_CONVERSION = YES;
				CLANG_WARN_DIRECT_OBJC_ISA_USAGE = YES_ERROR;
				CLANG_WARN_EMPTY_BODY = YES;
				CLANG_WARN_ENUM_CONVERSION = YES;
				CLANG_WARN_INT_CONVERSION = YES;
				CLANG_WARN_OBJC_ROOT_CLASS = YES_ERROR;
				CLANG_WARN_UNREACHABLE_CODE = YES;
				CLANG_WARN__DUPLICATE_METHOD_MATCH = YES;
				"CODE_SIGN_IDENTITY[sdk=iphoneos*]" = "iPhone Developer";
				COPY_PHASE_STRIP = NO;
				DEBUG_INFORMATION_FORMAT = "dwarf-with-dsym";
				ENABLE_NS_ASSERTIONS = NO;
				ENABLE_STRICT_OBJC_MSGSEND = YES;
				GCC_C_LANGUAGE_STANDARD = gnu99;
				GCC_NO_COMMON_BLOCKS = YES;
				GCC_WARN_64_TO_32_BIT_CONVERSION = YES;
				GCC_WARN_ABOUT_RETURN_TYPE = YES_ERROR;
				GCC_WARN_UNDECLARED_SELECTOR = YES;
				GCC_WARN_UNINITIALIZED_AUTOS = YES_AGGRESSIVE;
				GCC_WARN_UNUSED_FUNCTION = YES;
				GCC_WARN_UNUSED_VARIABLE = YES;
				IPHONEOS_DEPLOYMENT_TARGET = 9.2;
				MTL_ENABLE_DEBUG_INFO = NO;
				SDKROOT = iphoneos;
				VALIDATE_PRODUCT = YES;
			};
			name = Release;
		};
		AB92E72D1CAB01F200199034 /* Debug */ = {
			isa = XCBuildConfiguration;
			baseConfigurationReference = A6F0F00FFE68D8283CB2E5C1 /* Pods-DidYou.debug.xcconfig */;
			buildSettings = {
				ASSETCATALOG_COMPILER_APPICON_NAME = AppIcon;
				INFOPLIST_FILE = DidYou/Info.plist;
				LD_RUNPATH_SEARCH_PATHS = "$(inherited) @executable_path/Frameworks";
				PRODUCT_BUNDLE_IDENTIFIER = com.flatironSchool.DidYou.DidYou;
				PRODUCT_NAME = "$(TARGET_NAME)";
			};
			name = Debug;
		};
		AB92E72E1CAB01F200199034 /* Release */ = {
			isa = XCBuildConfiguration;
			baseConfigurationReference = DC83E05E9AD37E69EF195C64 /* Pods-DidYou.release.xcconfig */;
			buildSettings = {
				ASSETCATALOG_COMPILER_APPICON_NAME = AppIcon;
				INFOPLIST_FILE = DidYou/Info.plist;
				LD_RUNPATH_SEARCH_PATHS = "$(inherited) @executable_path/Frameworks";
				PRODUCT_BUNDLE_IDENTIFIER = com.flatironSchool.DidYou.DidYou;
				PRODUCT_NAME = "$(TARGET_NAME)";
			};
			name = Release;
		};
/* End XCBuildConfiguration section */

/* Begin XCConfigurationList section */
		AB92E7101CAB01F100199034 /* Build configuration list for PBXProject "DidYou" */ = {
			isa = XCConfigurationList;
			buildConfigurations = (
				AB92E72A1CAB01F200199034 /* Debug */,
				AB92E72B1CAB01F200199034 /* Release */,
			);
			defaultConfigurationIsVisible = 0;
			defaultConfigurationName = Release;
		};
		AB92E72C1CAB01F200199034 /* Build configuration list for PBXNativeTarget "DidYou" */ = {
			isa = XCConfigurationList;
			buildConfigurations = (
				AB92E72D1CAB01F200199034 /* Debug */,
				AB92E72E1CAB01F200199034 /* Release */,
			);
			defaultConfigurationIsVisible = 0;
			defaultConfigurationName = Release;
		};
/* End XCConfigurationList section */
	};
	rootObject = AB92E70D1CAB01F100199034 /* Project object */;
}
